
Microsoft Visual Studio Solution File, Format Version 12.00
# Visual Studio Version 16
VisualStudioVersion = 16.0.31702.278
MinimumVisualStudioVersion = 10.0.40219.1
Project("{9A19103F-16F7-4668-BE54-9A1E7A4F7556}") = "MAI_SWE_MLML.Model", "MAI_SWE_MLML.Model\MAI_SWE_MLML.Model.csproj", "{10C83A0F-3928-4CDB-8F2A-8A427D3EC32B}"
EndProject
Project("{9A19103F-16F7-4668-BE54-9A1E7A4F7556}") = "MAI_SWE_MLML.ConsoleApp", "MAI_SWE_MLML.ConsoleApp\MAI_SWE_MLML.ConsoleApp.csproj", "{083CDC48-9A9A-47E9-A7FF-431EA7CCBE03}"
EndProject
Project("{FAE04EC0-301F-11D3-BF4B-00C04F79EFBC}") = "RestApi", "RestApi\RestApi.csproj", "{FA309C10-7CE6-4F22-B5CA-8B0B6150D702}"
EndProject
Project("{FAE04EC0-301F-11D3-BF4B-00C04F79EFBC}") = "ClassificationRestApi", "ClassificationRestApi\ClassificationRestApi.csproj", "{ADE26852-5CC3-437A-B389-3EAFEAD43563}"
EndProject
Global
	GlobalSection(SolutionConfigurationPlatforms) = preSolution
		Debug|Any CPU = Debug|Any CPU
		Release|Any CPU = Release|Any CPU
	EndGlobalSection
	GlobalSection(ProjectConfigurationPlatforms) = postSolution
		{10C83A0F-3928-4CDB-8F2A-8A427D3EC32B}.Debug|Any CPU.ActiveCfg = Debug|Any CPU
		{10C83A0F-3928-4CDB-8F2A-8A427D3EC32B}.Debug|Any CPU.Build.0 = Debug|Any CPU
		{10C83A0F-3928-4CDB-8F2A-8A427D3EC32B}.Release|Any CPU.ActiveCfg = Release|Any CPU
		{10C83A0F-3928-4CDB-8F2A-8A427D3EC32B}.Release|Any CPU.Build.0 = Release|Any CPU
		{083CDC48-9A9A-47E9-A7FF-431EA7CCBE03}.Debug|Any CPU.ActiveCfg = Debug|Any CPU
		{083CDC48-9A9A-47E9-A7FF-431EA7CCBE03}.Debug|Any CPU.Build.0 = Debug|Any CPU
		{083CDC48-9A9A-47E9-A7FF-431EA7CCBE03}.Release|Any CPU.ActiveCfg = Release|Any CPU
		{083CDC48-9A9A-47E9-A7FF-431EA7CCBE03}.Release|Any CPU.Build.0 = Release|Any CPU
		{FA309C10-7CE6-4F22-B5CA-8B0B6150D702}.Debug|Any CPU.ActiveCfg = Debug|Any CPU
		{FA309C10-7CE6-4F22-B5CA-8B0B6150D702}.Debug|Any CPU.Build.0 = Debug|Any CPU
		{FA309C10-7CE6-4F22-B5CA-8B0B6150D702}.Release|Any CPU.ActiveCfg = Release|Any CPU
		{FA309C10-7CE6-4F22-B5CA-8B0B6150D702}.Release|Any CPU.Build.0 = Release|Any CPU
		{ADE26852-5CC3-437A-B389-3EAFEAD43563}.Debug|Any CPU.ActiveCfg = Debug|Any CPU
		{ADE26852-5CC3-437A-B389-3EAFEAD43563}.Debug|Any CPU.Build.0 = Debug|Any CPU
		{ADE26852-5CC3-437A-B389-3EAFEAD43563}.Release|Any CPU.ActiveCfg = Release|Any CPU
		{ADE26852-5CC3-437A-B389-3EAFEAD43563}.Release|Any CPU.Build.0 = Release|Any CPU
	EndGlobalSection
	GlobalSection(SolutionProperties) = preSolution
		HideSolutionNode = FALSE
	EndGlobalSection
	GlobalSection(ExtensibilityGlobals) = postSolution
		SolutionGuid = {3324A75C-E2BB-4B23-82CF-0BE2A003391F}
	EndGlobalSection
EndGlobal
